
Microsoft Visual Studio Solution File, Format Version 12.00
# Visual Studio Version 17
VisualStudioVersion = 17.9.34607.119
MinimumVisualStudioVersion = 10.0.40219.1
Project("{FAE04EC0-301F-11D3-BF4B-00C04F79EFBC}") = "DVDStore.ConsoleApp", "DVDStore.ConsoleApp\DVDStore.ConsoleApp.csproj", "{962C81D0-6963-4778-B557-1F25D37F7AF0}"
EndProject
Project("{FAE04EC0-301F-11D3-BF4B-00C04F79EFBC}") = "DVDStore.DAL", "DVDStore.DAL\DVDStore.DAL.csproj", "{B4CF170D-C1F0-49BC-8E2E-6C18BC432E53}"
EndProject
Global
	GlobalSection(SolutionProperties) = preSolution
		HideSolutionNode = FALSE
	EndGlobalSection
	GlobalSection(ExtensibilityGlobals) = postSolution
		SolutionGuid = {6CEB62DD-FEFE-4E3A-9969-9EE65ECE123D}
	EndGlobalSection
	GlobalSection(SolutionConfigurationPlatforms) = preSolution
		Debug|Any CPU = Debug|Any CPU
		Debug|x64 = Debug|x64
		Debug|x86 = Debug|x86
		Release|Any CPU = Release|Any CPU
		Release|x64 = Release|x64
		Release|x86 = Release|x86
	EndGlobalSection
	GlobalSection(ProjectConfigurationPlatforms) = postSolution
		{962C81D0-6963-4778-B557-1F25D37F7AF0}.Debug|Any CPU.ActiveCfg = Debug|Any CPU
		{962C81D0-6963-4778-B557-1F25D37F7AF0}.Debug|Any CPU.Build.0 = Debug|Any CPU
		{962C81D0-6963-4778-B557-1F25D37F7AF0}.Debug|x64.ActiveCfg = Debug|Any CPU
		{962C81D0-6963-4778-B557-1F25D37F7AF0}.Debug|x64.Build.0 = Debug|Any CPU
		{962C81D0-6963-4778-B557-1F25D37F7AF0}.Debug|x86.ActiveCfg = Debug|Any CPU
		{962C81D0-6963-4778-B557-1F25D37F7AF0}.Debug|x86.Build.0 = Debug|Any CPU
		{962C81D0-6963-4778-B557-1F25D37F7AF0}.Release|Any CPU.ActiveCfg = Release|Any CPU
		{962C81D0-6963-4778-B557-1F25D37F7AF0}.Release|Any CPU.Build.0 = Release|Any CPU
		{962C81D0-6963-4778-B557-1F25D37F7AF0}.Release|x64.ActiveCfg = Release|Any CPU
		{962C81D0-6963-4778-B557-1F25D37F7AF0}.Release|x64.Build.0 = Release|Any CPU
		{962C81D0-6963-4778-B557-1F25D37F7AF0}.Release|x86.ActiveCfg = Release|Any CPU
		{962C81D0-6963-4778-B557-1F25D37F7AF0}.Release|x86.Build.0 = Release|Any CPU
		{B4CF170D-C1F0-49BC-8E2E-6C18BC432E53}.Debug|Any CPU.ActiveCfg = Debug|Any CPU
		{B4CF170D-C1F0-49BC-8E2E-6C18BC432E53}.Debug|Any CPU.Build.0 = Debug|Any CPU
		{B4CF170D-C1F0-49BC-8E2E-6C18BC432E53}.Debug|x64.ActiveCfg = Debug|Any CPU
		{B4CF170D-C1F0-49BC-8E2E-6C18BC432E53}.Debug|x64.Build.0 = Debug|Any CPU
		{B4CF170D-C1F0-49BC-8E2E-6C18BC432E53}.Debug|x86.ActiveCfg = Debug|Any CPU
		{B4CF170D-C1F0-49BC-8E2E-6C18BC432E53}.Debug|x86.Build.0 = Debug|Any CPU
		{B4CF170D-C1F0-49BC-8E2E-6C18BC432E53}.Release|Any CPU.ActiveCfg = Release|Any CPU
		{B4CF170D-C1F0-49BC-8E2E-6C18BC432E53}.Release|Any CPU.Build.0 = Release|Any CPU
		{B4CF170D-C1F0-49BC-8E2E-6C18BC432E53}.Release|x64.ActiveCfg = Release|Any CPU
		{B4CF170D-C1F0-49BC-8E2E-6C18BC432E53}.Release|x64.Build.0 = Release|Any CPU
		{B4CF170D-C1F0-49BC-8E2E-6C18BC432E53}.Release|x86.ActiveCfg = Release|Any CPU
		{B4CF170D-C1F0-49BC-8E2E-6C18BC432E53}.Release|x86.Build.0 = Release|Any CPU
	EndGlobalSection
EndGlobal
